// !$*UTF8*$!
{
	archiveVersion = 1;
	classes = {
	};
	objectVersion = 46;
	objects = {

/* Begin PBXBuildFile section */
		D7AB963F181B98B000FBCB16 /* Foundation.framework in Frameworks */ = {isa = PBXBuildFile; fileRef = D7AB963E181B98B000FBCB16 /* Foundation.framework */; };
		D7AB9641181B98B000FBCB16 /* CoreGraphics.framework in Frameworks */ = {isa = PBXBuildFile; fileRef = D7AB9640181B98B000FBCB16 /* CoreGraphics.framework */; };
		D7AB9643181B98B000FBCB16 /* UIKit.framework in Frameworks */ = {isa = PBXBuildFile; fileRef = D7AB9642181B98B000FBCB16 /* UIKit.framework */; };
		D7AB9649181B98B000FBCB16 /* InfoPlist.strings in Resources */ = {isa = PBXBuildFile; fileRef = D7AB9647181B98B000FBCB16 /* InfoPlist.strings */; };
		D7AB964B181B98B000FBCB16 /* main.m in Sources */ = {isa = PBXBuildFile; fileRef = D7AB964A181B98B000FBCB16 /* main.m */; };
		D7AB964F181B98B000FBCB16 /* AppDelegate.m in Sources */ = {isa = PBXBuildFile; fileRef = D7AB964E181B98B000FBCB16 /* AppDelegate.m */; };
		D7AB9652181B98B000FBCB16 /* Main.storyboard in Resources */ = {isa = PBXBuildFile; fileRef = D7AB9650181B98B000FBCB16 /* Main.storyboard */; };
		D7AB9655181B98B000FBCB16 /* ViewController.m in Sources */ = {isa = PBXBuildFile; fileRef = D7AB9654181B98B000FBCB16 /* ViewController.m */; };
		D7AB9657181B98B000FBCB16 /* Images.xcassets in Resources */ = {isa = PBXBuildFile; fileRef = D7AB9656181B98B000FBCB16 /* Images.xcassets */; };
		D7AB965E181B98B000FBCB16 /* XCTest.framework in Frameworks */ = {isa = PBXBuildFile; fileRef = D7AB965D181B98B000FBCB16 /* XCTest.framework */; };
		D7AB965F181B98B000FBCB16 /* Foundation.framework in Frameworks */ = {isa = PBXBuildFile; fileRef = D7AB963E181B98B000FBCB16 /* Foundation.framework */; };
		D7AB9660181B98B000FBCB16 /* UIKit.framework in Frameworks */ = {isa = PBXBuildFile; fileRef = D7AB9642181B98B000FBCB16 /* UIKit.framework */; };
		D7AB9668181B98B000FBCB16 /* InfoPlist.strings in Resources */ = {isa = PBXBuildFile; fileRef = D7AB9666181B98B000FBCB16 /* InfoPlist.strings */; };
		D7AB966A181B98B000FBCB16 /* CalculatorTests.m in Sources */ = {isa = PBXBuildFile; fileRef = D7AB9669181B98B000FBCB16 /* CalculatorTests.m */; };
/* End PBXBuildFile section */

/* Begin PBXContainerItemProxy section */
		D7AB9661181B98B000FBCB16 /* PBXContainerItemProxy */ = {
			isa = PBXContainerItemProxy;
			containerPortal = D7AB9633181B98B000FBCB16 /* Project object */;
			proxyType = 1;
			remoteGlobalIDString = D7AB963A181B98B000FBCB16;
			remoteInfo = Calculator;
		};
/* End PBXContainerItemProxy section */

/* Begin PBXFileReference section */
		D7AB963B181B98B000FBCB16 /* Calculator.app */ = {isa = PBXFileReference; explicitFileType = wrapper.application; includeInIndex = 0; path = Calculator.app; sourceTree = BUILT_PRODUCTS_DIR; };
		D7AB963E181B98B000FBCB16 /* Foundation.framework */ = {isa = PBXFileReference; lastKnownFileType = wrapper.framework; name = Foundation.framework; path = System/Library/Frameworks/Foundation.framework; sourceTree = SDKROOT; };
		D7AB9640181B98B000FBCB16 /* CoreGraphics.framework */ = {isa = PBXFileReference; lastKnownFileType = wrapper.framework; name = CoreGraphics.framework; path = System/Library/Frameworks/CoreGraphics.framework; sourceTree = SDKROOT; };
		D7AB9642181B98B000FBCB16 /* UIKit.framework */ = {isa = PBXFileReference; lastKnownFileType = wrapper.framework; name = UIKit.framework; path = System/Library/Frameworks/UIKit.framework; sourceTree = SDKROOT; };
		D7AB9646181B98B000FBCB16 /* Calculator-Info.plist */ = {isa = PBXFileReference; lastKnownFileType = text.plist.xml; path = "Calculator-Info.plist"; sourceTree = "<group>"; };
		D7AB9648181B98B000FBCB16 /* en */ = {isa = PBXFileReference; lastKnownFileType = text.plist.strings; name = en; path = en.lproj/InfoPlist.strings; sourceTree = "<group>"; };
		D7AB964A181B98B000FBCB16 /* main.m */ = {isa = PBXFileReference; lastKnownFileType = sourcecode.c.objc; path = main.m; sourceTree = "<group>"; };
		D7AB964C181B98B000FBCB16 /* Calculator-Prefix.pch */ = {isa = PBXFileReference; lastKnownFileType = sourcecode.c.h; path = "Calculator-Prefix.pch"; sourceTree = "<group>"; };
		D7AB964D181B98B000FBCB16 /* AppDelegate.h */ = {isa = PBXFileReference; lastKnownFileType = sourcecode.c.h; path = AppDelegate.h; sourceTree = "<group>"; };
		D7AB964E181B98B000FBCB16 /* AppDelegate.m */ = {isa = PBXFileReference; lastKnownFileType = sourcecode.c.objc; path = AppDelegate.m; sourceTree = "<group>"; };
		D7AB9651181B98B000FBCB16 /* Base */ = {isa = PBXFileReference; lastKnownFileType = file.storyboard; name = Base; path = Base.lproj/Main.storyboard; sourceTree = "<group>"; };
		D7AB9653181B98B000FBCB16 /* ViewController.h */ = {isa = PBXFileReference; lastKnownFileType = sourcecode.c.h; path = ViewController.h; sourceTree = "<group>"; };
		D7AB9654181B98B000FBCB16 /* ViewController.m */ = {isa = PBXFileReference; lastKnownFileType = sourcecode.c.objc; path = ViewController.m; sourceTree = "<group>"; };
		D7AB9656181B98B000FBCB16 /* Images.xcassets */ = {isa = PBXFileReference; lastKnownFileType = folder.assetcatalog; path = Images.xcassets; sourceTree = "<group>"; };
		D7AB965C181B98B000FBCB16 /* CalculatorTests.xctest */ = {isa = PBXFileReference; explicitFileType = wrapper.cfbundle; includeInIndex = 0; path = CalculatorTests.xctest; sourceTree = BUILT_PRODUCTS_DIR; };
		D7AB965D181B98B000FBCB16 /* XCTest.framework */ = {isa = PBXFileReference; lastKnownFileType = wrapper.framework; name = XCTest.framework; path = Library/Frameworks/XCTest.framework; sourceTree = DEVELOPER_DIR; };
		D7AB9665181B98B000FBCB16 /* CalculatorTests-Info.plist */ = {isa = PBXFileReference; lastKnownFileType = text.plist.xml; path = "CalculatorTests-Info.plist"; sourceTree = "<group>"; };
		D7AB9667181B98B000FBCB16 /* en */ = {isa = PBXFileReference; lastKnownFileType = text.plist.strings; name = en; path = en.lproj/InfoPlist.strings; sourceTree = "<group>"; };
		D7AB9669181B98B000FBCB16 /* CalculatorTests.m */ = {isa = PBXFileReference; lastKnownFileType = sourcecode.c.objc; path = CalculatorTests.m; sourceTree = "<group>"; };
/* End PBXFileReference section */

/* Begin PBXFrameworksBuildPhase section */
		D7AB9638181B98B000FBCB16 /* Frameworks */ = {
			isa = PBXFrameworksBuildPhase;
			buildActionMask = 2147483647;
			files = (
				D7AB9641181B98B000FBCB16 /* CoreGraphics.framework in Frameworks */,
				D7AB9643181B98B000FBCB16 /* UIKit.framework in Frameworks */,
				D7AB963F181B98B000FBCB16 /* Foundation.framework in Frameworks */,
			);
			runOnlyForDeploymentPostprocessing = 0;
		};
		D7AB9659181B98B000FBCB16 /* Frameworks */ = {
			isa = PBXFrameworksBuildPhase;
			buildActionMask = 2147483647;
			files = (
				D7AB965E181B98B000FBCB16 /* XCTest.framework in Frameworks */,
				D7AB9660181B98B000FBCB16 /* UIKit.framework in Frameworks */,
				D7AB965F181B98B000FBCB16 /* Foundation.framework in Frameworks */,
			);
			runOnlyForDeploymentPostprocessing = 0;
		};
/* End PBXFrameworksBuildPhase section */

/* Begin PBXGroup section */
		D7AB9632181B98B000FBCB16 = {
			isa = PBXGroup;
			children = (
				D7AB9644181B98B000FBCB16 /* Calculator */,
				D7AB9663181B98B000FBCB16 /* CalculatorTests */,
				D7AB963D181B98B000FBCB16 /* Frameworks */,
				D7AB963C181B98B000FBCB16 /* Products */,
			);
			sourceTree = "<group>";
		};
		D7AB963C181B98B000FBCB16 /* Products */ = {
			isa = PBXGroup;
			children = (
				D7AB963B181B98B000FBCB16 /* Calculator.app */,
				D7AB965C181B98B000FBCB16 /* CalculatorTests.xctest */,
			);
			name = Products;
			sourceTree = "<group>";
		};
		D7AB963D181B98B000FBCB16 /* Frameworks */ = {
			isa = PBXGroup;
			children = (
				D7AB963E181B98B000FBCB16 /* Foundation.framework */,
				D7AB9640181B98B000FBCB16 /* CoreGraphics.framework */,
				D7AB9642181B98B000FBCB16 /* UIKit.framework */,
				D7AB965D181B98B000FBCB16 /* XCTest.framework */,
			);
			name = Frameworks;
			sourceTree = "<group>";
		};
		D7AB9644181B98B000FBCB16 /* Calculator */ = {
			isa = PBXGroup;
			children = (
				D7AB964D181B98B000FBCB16 /* AppDelegate.h */,
				D7AB964E181B98B000FBCB16 /* AppDelegate.m */,
				D7AB9650181B98B000FBCB16 /* Main.storyboard */,
				D7AB9653181B98B000FBCB16 /* ViewController.h */,
				D7AB9654181B98B000FBCB16 /* ViewController.m */,
				D7AB9656181B98B000FBCB16 /* Images.xcassets */,
				D7AB9645181B98B000FBCB16 /* Supporting Files */,
			);
			path = Calculator;
			sourceTree = "<group>";
		};
		D7AB9645181B98B000FBCB16 /* Supporting Files */ = {
			isa = PBXGroup;
			children = (
				D7AB9646181B98B000FBCB16 /* Calculator-Info.plist */,
				D7AB9647181B98B000FBCB16 /* InfoPlist.strings */,
				D7AB964A181B98B000FBCB16 /* main.m */,
				D7AB964C181B98B000FBCB16 /* Calculator-Prefix.pch */,
			);
			name = "Supporting Files";
			sourceTree = "<group>";
		};
		D7AB9663181B98B000FBCB16 /* CalculatorTests */ = {
			isa = PBXGroup;
			children = (
				D7AB9669181B98B000FBCB16 /* CalculatorTests.m */,
				D7AB9664181B98B000FBCB16 /* Supporting Files */,
			);
			path = CalculatorTests;
			sourceTree = "<group>";
		};
		D7AB9664181B98B000FBCB16 /* Supporting Files */ = {
			isa = PBXGroup;
			children = (
				D7AB9665181B98B000FBCB16 /* CalculatorTests-Info.plist */,
				D7AB9666181B98B000FBCB16 /* InfoPlist.strings */,
			);
			name = "Supporting Files";
			sourceTree = "<group>";
		};
/* End PBXGroup section */

/* Begin PBXNativeTarget section */
		D7AB963A181B98B000FBCB16 /* Calculator */ = {
			isa = PBXNativeTarget;
			buildConfigurationList = D7AB966D181B98B000FBCB16 /* Build configuration list for PBXNativeTarget "Calculator" */;
			buildPhases = (
				D7AB9637181B98B000FBCB16 /* Sources */,
				D7AB9638181B98B000FBCB16 /* Frameworks */,
				D7AB9639181B98B000FBCB16 /* Resources */,
			);
			buildRules = (
			);
			dependencies = (
			);
			name = Calculator;
			productName = Calculator;
			productReference = D7AB963B181B98B000FBCB16 /* Calculator.app */;
			productType = "com.apple.product-type.application";
		};
		D7AB965B181B98B000FBCB16 /* CalculatorTests */ = {
			isa = PBXNativeTarget;
			buildConfigurationList = D7AB9670181B98B000FBCB16 /* Build configuration list for PBXNativeTarget "CalculatorTests" */;
			buildPhases = (
				D7AB9658181B98B000FBCB16 /* Sources */,
				D7AB9659181B98B000FBCB16 /* Frameworks */,
				D7AB965A181B98B000FBCB16 /* Resources */,
			);
			buildRules = (
			);
			dependencies = (
				D7AB9662181B98B000FBCB16 /* PBXTargetDependency */,
			);
			name = CalculatorTests;
			productName = CalculatorTests;
			productReference = D7AB965C181B98B000FBCB16 /* CalculatorTests.xctest */;
			productType = "com.apple.product-type.bundle.unit-test";
		};
/* End PBXNativeTarget section */

/* Begin PBXProject section */
		D7AB9633181B98B000FBCB16 /* Project object */ = {
			isa = PBXProject;
			attributes = {
				LastUpgradeCheck = 0500;
				ORGANIZATIONNAME = "Adam Zaninovich";
				TargetAttributes = {
					D7AB965B181B98B000FBCB16 = {
						TestTargetID = D7AB963A181B98B000FBCB16;
					};
				};
			};
			buildConfigurationList = D7AB9636181B98B000FBCB16 /* Build configuration list for PBXProject "Calculator" */;
			compatibilityVersion = "Xcode 3.2";
			developmentRegion = English;
			hasScannedForEncodings = 0;
			knownRegions = (
				en,
				Base,
			);
			mainGroup = D7AB9632181B98B000FBCB16;
			productRefGroup = D7AB963C181B98B000FBCB16 /* Products */;
			projectDirPath = "";
			projectRoot = "";
			targets = (
				D7AB963A181B98B000FBCB16 /* Calculator */,
				D7AB965B181B98B000FBCB16 /* CalculatorTests */,
			);
		};
/* End PBXProject section */

/* Begin PBXResourcesBuildPhase section */
		D7AB9639181B98B000FBCB16 /* Resources */ = {
			isa = PBXResourcesBuildPhase;
			buildActionMask = 2147483647;
			files = (
				D7AB9657181B98B000FBCB16 /* Images.xcassets in Resources */,
				D7AB9649181B98B000FBCB16 /* InfoPlist.strings in Resources */,
				D7AB9652181B98B000FBCB16 /* Main.storyboard in Resources */,
			);
			runOnlyForDeploymentPostprocessing = 0;
		};
		D7AB965A181B98B000FBCB16 /* Resources */ = {
			isa = PBXResourcesBuildPhase;
			buildActionMask = 2147483647;
			files = (
				D7AB9668181B98B000FBCB16 /* InfoPlist.strings in Resources */,
			);
			runOnlyForDeploymentPostprocessing = 0;
		};
/* End PBXResourcesBuildPhase section */

/* Begin PBXSourcesBuildPhase section */
		D7AB9637181B98B000FBCB16 /* Sources */ = {
			isa = PBXSourcesBuildPhase;
			buildActionMask = 2147483647;
			files = (
				D7AB9655181B98B000FBCB16 /* ViewController.m in Sources */,
				D7AB964F181B98B000FBCB16 /* AppDelegate.m in Sources */,
				D7AB964B181B98B000FBCB16 /* main.m in Sources */,
			);
			runOnlyForDeploymentPostprocessing = 0;
		};
		D7AB9658181B98B000FBCB16 /* Sources */ = {
			isa = PBXSourcesBuildPhase;
			buildActionMask = 2147483647;
			files = (
				D7AB966A181B98B000FBCB16 /* CalculatorTests.m in Sources */,
			);
			runOnlyForDeploymentPostprocessing = 0;
		};
/* End PBXSourcesBuildPhase section */

/* Begin PBXTargetDependency section */
		D7AB9662181B98B000FBCB16 /* PBXTargetDependency */ = {
			isa = PBXTargetDependency;
			target = D7AB963A181B98B000FBCB16 /* Calculator */;
			targetProxy = D7AB9661181B98B000FBCB16 /* PBXContainerItemProxy */;
		};
/* End PBXTargetDependency section */

/* Begin PBXVariantGroup section */
		D7AB9647181B98B000FBCB16 /* InfoPlist.strings */ = {
			isa = PBXVariantGroup;
			children = (
				D7AB9648181B98B000FBCB16 /* en */,
			);
			name = InfoPlist.strings;
			sourceTree = "<group>";
		};
		D7AB9650181B98B000FBCB16 /* Main.storyboard */ = {
			isa = PBXVariantGroup;
			children = (
				D7AB9651181B98B000FBCB16 /* Base */,
			);
			name = Main.storyboard;
			sourceTree = "<group>";
		};
		D7AB9666181B98B000FBCB16 /* InfoPlist.strings */ = {
			isa = PBXVariantGroup;
			children = (
				D7AB9667181B98B000FBCB16 /* en */,
			);
			name = InfoPlist.strings;
			sourceTree = "<group>";
		};
/* End PBXVariantGroup section */

/* Begin XCBuildConfiguration section */
		D7AB966B181B98B000FBCB16 /* Debug */ = {
			isa = XCBuildConfiguration;
			buildSettings = {
				ALWAYS_SEARCH_USER_PATHS = NO;
				ARCHS = "$(ARCHS_STANDARD_INCLUDING_64_BIT)";
				CLANG_CXX_LANGUAGE_STANDARD = "gnu++0x";
				CLANG_CXX_LIBRARY = "libc++";
				CLANG_ENABLE_MODULES = YES;
				CLANG_ENABLE_OBJC_ARC = YES;
				CLANG_WARN_BOOL_CONVERSION = YES;
				CLANG_WARN_CONSTANT_CONVERSION = YES;
				CLANG_WARN_DIRECT_OBJC_ISA_USAGE = YES_ERROR;
				CLANG_WARN_EMPTY_BODY = YES;
				CLANG_WARN_ENUM_CONVERSION = YES;
				CLANG_WARN_INT_CONVERSION = YES;
				CLANG_WARN_OBJC_ROOT_CLASS = YES_ERROR;
				CLANG_WARN__DUPLICATE_METHOD_MATCH = YES;
				"CODE_SIGN_IDENTITY[sdk=iphoneos*]" = "iPhone Developer";
				COPY_PHASE_STRIP = NO;
				GCC_C_LANGUAGE_STANDARD = gnu99;
				GCC_DYNAMIC_NO_PIC = NO;
				GCC_OPTIMIZATION_LEVEL = 0;
				GCC_PREPROCESSOR_DEFINITIONS = (
					"DEBUG=1",
					"$(inherited)",
				);
				GCC_SYMBOLS_PRIVATE_EXTERN = NO;
				GCC_WARN_64_TO_32_BIT_CONVERSION = YES;
				GCC_WARN_ABOUT_RETURN_TYPE = YES_ERROR;
				GCC_WARN_UNDECLARED_SELECTOR = YES;
				GCC_WARN_UNINITIALIZED_AUTOS = YES;
				GCC_WARN_UNUSED_FUNCTION = YES;
				GCC_WARN_UNUSED_VARIABLE = YES;
				IPHONEOS_DEPLOYMENT_TARGET = 7.0;
				ONLY_ACTIVE_ARCH = YES;
				SDKROOT = iphoneos;
			};
			name = Debug;
		};
		D7AB966C181B98B000FBCB16 /* Release */ = {
			isa = XCBuildConfiguration;
			buildSettings = {
				ALWAYS_SEARCH_USER_PATHS = NO;
				ARCHS = "$(ARCHS_STANDARD_INCLUDING_64_BIT)";
				CLANG_CXX_LANGUAGE_STANDARD = "gnu++0x";
				CLANG_CXX_LIBRARY = "libc++";
				CLANG_ENABLE_MODULES = YES;
				CLANG_ENABLE_OBJC_ARC = YES;
				CLANG_WARN_BOOL_CONVERSION = YES;
				CLANG_WARN_CONSTANT_CONVERSION = YES;
				CLANG_WARN_DIRECT_OBJC_ISA_USAGE = YES_ERROR;
				CLANG_WARN_EMPTY_BODY = YES;
				CLANG_WARN_ENUM_CONVERSION = YES;
				CLANG_WARN_INT_CONVERSION = YES;
				CLANG_WARN_OBJC_ROOT_CLASS = YES_ERROR;
				CLANG_WARN__DUPLICATE_METHOD_MATCH = YES;
				"CODE_SIGN_IDENTITY[sdk=iphoneos*]" = "iPhone Developer";
				COPY_PHASE_STRIP = YES;
				ENABLE_NS_ASSERTIONS = NO;
				GCC_C_LANGUAGE_STANDARD = gnu99;
				GCC_WARN_64_TO_32_BIT_CONVERSION = YES;
				GCC_WARN_ABOUT_RETURN_TYPE = YES_ERROR;
				GCC_WARN_UNDECLARED_SELECTOR = YES;
				GCC_WARN_UNINITIALIZED_AUTOS = YES;
				GCC_WARN_UNUSED_FUNCTION = YES;
				GCC_WARN_UNUSED_VARIABLE = YES;
				IPHONEOS_DEPLOYMENT_TARGET = 7.0;
				SDKROOT = iphoneos;
				VALIDATE_PRODUCT = YES;
			};
			name = Release;
		};
		D7AB966E181B98B000FBCB16 /* Debug */ = {
			isa = XCBuildConfiguration;
			buildSettings = {
				ASSETCATALOG_COMPILER_APPICON_NAME = AppIcon;
				ASSETCATALOG_COMPILER_LAUNCHIMAGE_NAME = LaunchImage;
				GCC_PRECOMPILE_PREFIX_HEADER = YES;
				GCC_PREFIX_HEADER = "Calculator/Calculator-Prefix.pch";
				INFOPLIST_FILE = "Calculator/Calculator-Info.plist";
				PRODUCT_NAME = "$(TARGET_NAME)";
				WRAPPER_EXTENSION = app;
			};
			name = Debug;
		};
		D7AB966F181B98B000FBCB16 /* Release */ = {
			isa = XCBuildConfiguration;
			buildSettings = {
				ASSETCATALOG_COMPILER_APPICON_NAME = AppIcon;
				ASSETCATALOG_COMPILER_LAUNCHIMAGE_NAME = LaunchImage;
				GCC_PRECOMPILE_PREFIX_HEADER = YES;
				GCC_PREFIX_HEADER = "Calculator/Calculator-Prefix.pch";
				INFOPLIST_FILE = "Calculator/Calculator-Info.plist";
				PRODUCT_NAME = "$(TARGET_NAME)";
				WRAPPER_EXTENSION = app;
			};
			name = Release;
		};
		D7AB9671181B98B000FBCB16 /* Debug */ = {
			isa = XCBuildConfiguration;
			buildSettings = {
				ARCHS = "$(ARCHS_STANDARD_INCLUDING_64_BIT)";
				BUNDLE_LOADER = "$(BUILT_PRODUCTS_DIR)/Calculator.app/Calculator";
				FRAMEWORK_SEARCH_PATHS = (
					"$(SDKROOT)/Developer/Library/Frameworks",
					"$(inherited)",
					"$(DEVELOPER_FRAMEWORKS_DIR)",
				);
				GCC_PRECOMPILE_PREFIX_HEADER = YES;
				GCC_PREFIX_HEADER = "Calculator/Calculator-Prefix.pch";
				GCC_PREPROCESSOR_DEFINITIONS = (
					"DEBUG=1",
					"$(inherited)",
				);
				INFOPLIST_FILE = "CalculatorTests/CalculatorTests-Info.plist";
				PRODUCT_NAME = "$(TARGET_NAME)";
				TEST_HOST = "$(BUNDLE_LOADER)";
				WRAPPER_EXTENSION = xctest;
			};
			name = Debug;
		};
		D7AB9672181B98B000FBCB16 /* Release */ = {
			isa = XCBuildConfiguration;
			buildSettings = {
				ARCHS = "$(ARCHS_STANDARD_INCLUDING_64_BIT)";
				BUNDLE_LOADER = "$(BUILT_PRODUCTS_DIR)/Calculator.app/Calculator";
				FRAMEWORK_SEARCH_PATHS = (
					"$(SDKROOT)/Developer/Library/Frameworks",
					"$(inherited)",
					"$(DEVELOPER_FRAMEWORKS_DIR)",
				);
				GCC_PRECOMPILE_PREFIX_HEADER = YES;
				GCC_PREFIX_HEADER = "Calculator/Calculator-Prefix.pch";
				INFOPLIST_FILE = "CalculatorTests/CalculatorTests-Info.plist";
				PRODUCT_NAME = "$(TARGET_NAME)";
				TEST_HOST = "$(BUNDLE_LOADER)";
				WRAPPER_EXTENSION = xctest;
			};
			name = Release;
		};
/* End XCBuildConfiguration section */

/* Begin XCConfigurationList section */
		D7AB9636181B98B000FBCB16 /* Build configuration list for PBXProject "Calculator" */ = {
			isa = XCConfigurationList;
			buildConfigurations = (
				D7AB966B181B98B000FBCB16 /* Debug */,
				D7AB966C181B98B000FBCB16 /* Release */,
			);
			defaultConfigurationIsVisible = 0;
			defaultConfigurationName = Release;
		};
		D7AB966D181B98B000FBCB16 /* Build configuration list for PBXNativeTarget "Calculator" */ = {
			isa = XCConfigurationList;
			buildConfigurations = (
				D7AB966E181B98B000FBCB16 /* Debug */,
				D7AB966F181B98B000FBCB16 /* Release */,
			);
			defaultConfigurationIsVisible = 0;
		};
		D7AB9670181B98B000FBCB16 /* Build configuration list for PBXNativeTarget "CalculatorTests" */ = {
			isa = XCConfigurationList;
			buildConfigurations = (
				D7AB9671181B98B000FBCB16 /* Debug */,
				D7AB9672181B98B000FBCB16 /* Release */,
			);
			defaultConfigurationIsVisible = 0;
		};
/* End XCConfigurationList section */
	};
	rootObject = D7AB9633181B98B000FBCB16 /* Project object */;
}
